
Microsoft Visual Studio Solution File, Format Version 12.00
# Visual Studio Version 17
VisualStudioVersion = 17.8.34511.84
MinimumVisualStudioVersion = 10.0.40219.1
Project("{FAE04EC0-301F-11D3-BF4B-00C04F79EFBC}") = "Observer-Pattern-in-C-Sharp", "Observer-Pattern-in-C-Sharp\Observer-Pattern-in-C-Sharp.csproj", "{60E96CD7-04A4-46B0-851A-A495E1A16743}"
EndProject
Global
	GlobalSection(SolutionConfigurationPlatforms) = preSolution
		Debug|Any CPU = Debug|Any CPU
		Release|Any CPU = Release|Any CPU
	EndGlobalSection
	GlobalSection(ProjectConfigurationPlatforms) = postSolution
		{60E96CD7-04A4-46B0-851A-A495E1A16743}.Debug|Any CPU.ActiveCfg = Debug|Any CPU
		{60E96CD7-04A4-46B0-851A-A495E1A16743}.Debug|Any CPU.Build.0 = Debug|Any CPU
		{60E96CD7-04A4-46B0-851A-A495E1A16743}.Release|Any CPU.ActiveCfg = Release|Any CPU
		{60E96CD7-04A4-46B0-851A-A495E1A16743}.Release|Any CPU.Build.0 = Release|Any CPU
	EndGlobalSection
	GlobalSection(SolutionProperties) = preSolution
		HideSolutionNode = FALSE
	EndGlobalSection
	GlobalSection(ExtensibilityGlobals) = postSolution
		SolutionGuid = {1F8959EE-D09C-49EC-949A-F45E846E8396}
	EndGlobalSection
EndGlobal
